
Microsoft Visual Studio Solution File, Format Version 12.00
# Visual Studio 15
VisualStudioVersion = 15.0.27703.2000
MinimumVisualStudioVersion = 10.0.40219.1
Project("{9A19103F-16F7-4668-BE54-9A1E7A4F7556}") = "PipelineTransforms", "PipelineTransforms\PipelineTransforms.csproj", "{EEBC3CF5-156C-41C6-8593-470E948DFF5C}"
EndProject
Project("{9A19103F-16F7-4668-BE54-9A1E7A4F7556}") = "PipelineHelper", "PipelineHelper\PipelineHelper.csproj", "{97DA97CB-5670-4706-9A32-47D65A84EC8F}"
EndProject
Project("{9A19103F-16F7-4668-BE54-9A1E7A4F7556}") = "TestMachineLearningExt", "TestMachineLearningExt\TestMachineLearningExt.csproj", "{5F3D8D2A-A0D8-48D0-B824-7B62763C7266}"
EndProject
Project("{9A19103F-16F7-4668-BE54-9A1E7A4F7556}") = "TestHelper", "TestHelper\TestHelper.csproj", "{1BA16118-01CB-4E54-9970-48953174CEF0}"
EndProject
Project("{9A19103F-16F7-4668-BE54-9A1E7A4F7556}") = "DataManipulation", "DataManipulation\DataManipulation.csproj", "{C042FDB2-AF20-4A77-94C6-3AE6DCB0BD63}"
EndProject
Project("{9A19103F-16F7-4668-BE54-9A1E7A4F7556}") = "FeaturesTransforms", "FeaturesTransforms\FeaturesTransforms.csproj", "{024BF6AE-3A53-4ADB-95EE-87BA45A92AE3}"
EndProject
Project("{9A19103F-16F7-4668-BE54-9A1E7A4F7556}") = "NearestNeighbors", "NearestNeighbors\NearestNeighbors.csproj", "{D82D8A18-6386-49C8-A43E-412AF399B23B}"
EndProject
Project("{FAE04EC0-301F-11D3-BF4B-00C04F79EFBC}") = "EntryPoints", "EntryPoints\EntryPoints.csproj", "{83B71022-5D12-43AD-9E9A-05956A30BC86}"
EndProject
Global
	GlobalSection(SolutionConfigurationPlatforms) = preSolution
		Debug|Any CPU = Debug|Any CPU
		Release|Any CPU = Release|Any CPU
	EndGlobalSection
	GlobalSection(ProjectConfigurationPlatforms) = postSolution
		{EEBC3CF5-156C-41C6-8593-470E948DFF5C}.Debug|Any CPU.ActiveCfg = Debug|Any CPU
		{EEBC3CF5-156C-41C6-8593-470E948DFF5C}.Debug|Any CPU.Build.0 = Debug|Any CPU
		{EEBC3CF5-156C-41C6-8593-470E948DFF5C}.Release|Any CPU.ActiveCfg = Release|Any CPU
		{EEBC3CF5-156C-41C6-8593-470E948DFF5C}.Release|Any CPU.Build.0 = Release|Any CPU
		{97DA97CB-5670-4706-9A32-47D65A84EC8F}.Debug|Any CPU.ActiveCfg = Debug|Any CPU
		{97DA97CB-5670-4706-9A32-47D65A84EC8F}.Debug|Any CPU.Build.0 = Debug|Any CPU
		{97DA97CB-5670-4706-9A32-47D65A84EC8F}.Release|Any CPU.ActiveCfg = Release|Any CPU
		{97DA97CB-5670-4706-9A32-47D65A84EC8F}.Release|Any CPU.Build.0 = Release|Any CPU
		{5F3D8D2A-A0D8-48D0-B824-7B62763C7266}.Debug|Any CPU.ActiveCfg = Debug|Any CPU
		{5F3D8D2A-A0D8-48D0-B824-7B62763C7266}.Debug|Any CPU.Build.0 = Debug|Any CPU
		{5F3D8D2A-A0D8-48D0-B824-7B62763C7266}.Release|Any CPU.ActiveCfg = Release|Any CPU
		{5F3D8D2A-A0D8-48D0-B824-7B62763C7266}.Release|Any CPU.Build.0 = Release|Any CPU
		{1BA16118-01CB-4E54-9970-48953174CEF0}.Debug|Any CPU.ActiveCfg = Debug|Any CPU
		{1BA16118-01CB-4E54-9970-48953174CEF0}.Debug|Any CPU.Build.0 = Debug|Any CPU
		{1BA16118-01CB-4E54-9970-48953174CEF0}.Release|Any CPU.ActiveCfg = Release|Any CPU
		{1BA16118-01CB-4E54-9970-48953174CEF0}.Release|Any CPU.Build.0 = Release|Any CPU
		{C042FDB2-AF20-4A77-94C6-3AE6DCB0BD63}.Debug|Any CPU.ActiveCfg = Debug|Any CPU
		{C042FDB2-AF20-4A77-94C6-3AE6DCB0BD63}.Debug|Any CPU.Build.0 = Debug|Any CPU
		{C042FDB2-AF20-4A77-94C6-3AE6DCB0BD63}.Release|Any CPU.ActiveCfg = Release|Any CPU
		{C042FDB2-AF20-4A77-94C6-3AE6DCB0BD63}.Release|Any CPU.Build.0 = Release|Any CPU
		{024BF6AE-3A53-4ADB-95EE-87BA45A92AE3}.Debug|Any CPU.ActiveCfg = Debug|Any CPU
		{024BF6AE-3A53-4ADB-95EE-87BA45A92AE3}.Debug|Any CPU.Build.0 = Debug|Any CPU
		{024BF6AE-3A53-4ADB-95EE-87BA45A92AE3}.Release|Any CPU.ActiveCfg = Release|Any CPU
		{024BF6AE-3A53-4ADB-95EE-87BA45A92AE3}.Release|Any CPU.Build.0 = Release|Any CPU
		{D82D8A18-6386-49C8-A43E-412AF399B23B}.Debug|Any CPU.ActiveCfg = Debug|Any CPU
		{D82D8A18-6386-49C8-A43E-412AF399B23B}.Debug|Any CPU.Build.0 = Debug|Any CPU
		{D82D8A18-6386-49C8-A43E-412AF399B23B}.Release|Any CPU.ActiveCfg = Release|Any CPU
		{D82D8A18-6386-49C8-A43E-412AF399B23B}.Release|Any CPU.Build.0 = Release|Any CPU
		{83B71022-5D12-43AD-9E9A-05956A30BC86}.Debug|Any CPU.ActiveCfg = Debug|Any CPU
		{83B71022-5D12-43AD-9E9A-05956A30BC86}.Debug|Any CPU.Build.0 = Debug|Any CPU
		{83B71022-5D12-43AD-9E9A-05956A30BC86}.Release|Any CPU.ActiveCfg = Release|Any CPU
		{83B71022-5D12-43AD-9E9A-05956A30BC86}.Release|Any CPU.Build.0 = Release|Any CPU
	EndGlobalSection
	GlobalSection(SolutionProperties) = preSolution
		HideSolutionNode = FALSE
	EndGlobalSection
	GlobalSection(ExtensibilityGlobals) = postSolution
		SolutionGuid = {5ED4E5E9-E829-4295-A91F-564144039DAC}
	EndGlobalSection
EndGlobal
