
Microsoft Visual Studio Solution File, Format Version 12.00
# Visual Studio 15
VisualStudioVersion = 15.0.27703.2000
MinimumVisualStudioVersion = 10.0.40219.1
Project("{9A19103F-16F7-4668-BE54-9A1E7A4F7556}") = "PipelineTransforms", "PipelineTransforms\PipelineTransforms.csproj", "{EEBC3CF5-156C-41C6-8593-470E948DFF5C}"
EndProject
Project("{9A19103F-16F7-4668-BE54-9A1E7A4F7556}") = "PipelineHelper", "PipelineHelper\PipelineHelper.csproj", "{97DA97CB-5670-4706-9A32-47D65A84EC8F}"
EndProject
Project("{9A19103F-16F7-4668-BE54-9A1E7A4F7556}") = "TestMachineLearningExt", "TestMachineLearningExt\TestMachineLearningExt.csproj", "{5F3D8D2A-A0D8-48D0-B824-7B62763C7266}"
EndProject
Project("{9A19103F-16F7-4668-BE54-9A1E7A4F7556}") = "TestHelper", "TestHelper\TestHelper.csproj", "{1BA16118-01CB-4E54-9970-48953174CEF0}"
EndProject
Project("{9A19103F-16F7-4668-BE54-9A1E7A4F7556}") = "DataManipulation", "DataManipulation\DataManipulation.csproj", "{C042FDB2-AF20-4A77-94C6-3AE6DCB0BD63}"
EndProject
Project("{9A19103F-16F7-4668-BE54-9A1E7A4F7556}") = "FeaturesTransforms", "FeaturesTransforms\FeaturesTransforms.csproj", "{024BF6AE-3A53-4ADB-95EE-87BA45A92AE3}"
EndProject
Project("{9A19103F-16F7-4668-BE54-9A1E7A4F7556}") = "NearestNeighbors", "NearestNeighbors\NearestNeighbors.csproj", "{D82D8A18-6386-49C8-A43E-412AF399B23B}"
EndProject
Project("{9A19103F-16F7-4668-BE54-9A1E7A4F7556}") = "EntryPoints", "EntryPoints\EntryPoints.csproj", "{83B71022-5D12-43AD-9E9A-05956A30BC86}"
EndProject
Project("{9A19103F-16F7-4668-BE54-9A1E7A4F7556}") = "RandomTransforms", "RandomTransforms\RandomTransforms.csproj", "{424CF939-096C-4EF1-8A19-379C27304DB0}"
EndProject
Project("{9A19103F-16F7-4668-BE54-9A1E7A4F7556}") = "ScikitAPI", "ScikitAPI\ScikitAPI.csproj", "{157ED2E5-F163-447D-A214-F5A05FF5C2D9}"
EndProject
Project("{9A19103F-16F7-4668-BE54-9A1E7A4F7556}") = "PipelineGraphTransforms", "PipelineGraphTransforms\PipelineGraphTransforms.csproj", "{AF85659A-4670-407D-97AA-DCDFC3CC4E4B}"
EndProject
Project("{9A19103F-16F7-4668-BE54-9A1E7A4F7556}") = "MultiClass", "MultiClass\MultiClass.csproj", "{643D8C40-C98A-43B7-9C7E-B4114DC942D3}"
EndProject
Project("{9A19103F-16F7-4668-BE54-9A1E7A4F7556}") = "ProductionPrediction", "ProductionPrediction\ProductionPrediction.csproj", "{12E282B3-5C99-4DC6-B6EB-8C9F3A07A1CC}"
EndProject
Project("{9A19103F-16F7-4668-BE54-9A1E7A4F7556}") = "TimeSeries", "TimeSeries\TimeSeries.csproj", "{33DB0CB7-9E0C-41C1-AB89-6077FA321D51}"
EndProject
Project("{9A19103F-16F7-4668-BE54-9A1E7A4F7556}") = "PipelineLambdaTransforms", "PipelineLambdaTransforms\PipelineLambdaTransforms.csproj", "{0A7AD35B-672B-4AC9-A682-C4BF1AB66B21}"
EndProject
Project("{9A19103F-16F7-4668-BE54-9A1E7A4F7556}") = "PipelineTraining", "PipelineTraining\PipelineTraining.csproj", "{0C1008D9-0F0D-4417-8FE6-81328E7A9CF1}"
EndProject
Project("{9A19103F-16F7-4668-BE54-9A1E7A4F7556}") = "ModelSelection", "ModelSelection\ModelSelection.csproj", "{B3BD7A20-2B82-4076-8A49-01E81D20517A}"
EndProject
Project("{9A19103F-16F7-4668-BE54-9A1E7A4F7556}") = "PipelineGraphTraining", "PipelineGraphTraining\PipelineGraphTraining.csproj", "{F2DD6B96-52A5-4E2F-870C-547057E7FB70}"
EndProject
Project("{9A19103F-16F7-4668-BE54-9A1E7A4F7556}") = "Clustering", "Clustering\Clustering.csproj", "{E9EDEAE8-8657-46B4-AE14-69F502E26BD1}"
EndProject
Project("{9A19103F-16F7-4668-BE54-9A1E7A4F7556}") = "DocHelperMlExt", "DocHelperMlExt\DocHelperMlExt.csproj", "{36776123-F207-446B-BDAF-59AF1D7DF97A}"
EndProject
Project("{FAE04EC0-301F-11D3-BF4B-00C04F79EFBC}") = "TestProfileBenchmark", "TestProfileBenchmark\TestProfileBenchmark.csproj", "{B723EAA8-3EC4-46ED-BA17-F520E7729EA2}"
EndProject
Global
	GlobalSection(SolutionConfigurationPlatforms) = preSolution
		Debug|Any CPU = Debug|Any CPU
		Release|Any CPU = Release|Any CPU
	EndGlobalSection
	GlobalSection(ProjectConfigurationPlatforms) = postSolution
		{EEBC3CF5-156C-41C6-8593-470E948DFF5C}.Debug|Any CPU.ActiveCfg = Debug|Any CPU
		{EEBC3CF5-156C-41C6-8593-470E948DFF5C}.Debug|Any CPU.Build.0 = Debug|Any CPU
		{EEBC3CF5-156C-41C6-8593-470E948DFF5C}.Release|Any CPU.ActiveCfg = Release|Any CPU
		{EEBC3CF5-156C-41C6-8593-470E948DFF5C}.Release|Any CPU.Build.0 = Release|Any CPU
		{97DA97CB-5670-4706-9A32-47D65A84EC8F}.Debug|Any CPU.ActiveCfg = Debug|Any CPU
		{97DA97CB-5670-4706-9A32-47D65A84EC8F}.Debug|Any CPU.Build.0 = Debug|Any CPU
		{97DA97CB-5670-4706-9A32-47D65A84EC8F}.Release|Any CPU.ActiveCfg = Release|Any CPU
		{97DA97CB-5670-4706-9A32-47D65A84EC8F}.Release|Any CPU.Build.0 = Release|Any CPU
		{5F3D8D2A-A0D8-48D0-B824-7B62763C7266}.Debug|Any CPU.ActiveCfg = Debug|Any CPU
		{5F3D8D2A-A0D8-48D0-B824-7B62763C7266}.Debug|Any CPU.Build.0 = Debug|Any CPU
		{5F3D8D2A-A0D8-48D0-B824-7B62763C7266}.Release|Any CPU.ActiveCfg = Release|Any CPU
		{5F3D8D2A-A0D8-48D0-B824-7B62763C7266}.Release|Any CPU.Build.0 = Release|Any CPU
		{1BA16118-01CB-4E54-9970-48953174CEF0}.Debug|Any CPU.ActiveCfg = Debug|Any CPU
		{1BA16118-01CB-4E54-9970-48953174CEF0}.Debug|Any CPU.Build.0 = Debug|Any CPU
		{1BA16118-01CB-4E54-9970-48953174CEF0}.Release|Any CPU.ActiveCfg = Release|Any CPU
		{1BA16118-01CB-4E54-9970-48953174CEF0}.Release|Any CPU.Build.0 = Release|Any CPU
		{C042FDB2-AF20-4A77-94C6-3AE6DCB0BD63}.Debug|Any CPU.ActiveCfg = Debug|Any CPU
		{C042FDB2-AF20-4A77-94C6-3AE6DCB0BD63}.Debug|Any CPU.Build.0 = Debug|Any CPU
		{C042FDB2-AF20-4A77-94C6-3AE6DCB0BD63}.Release|Any CPU.ActiveCfg = Release|Any CPU
		{C042FDB2-AF20-4A77-94C6-3AE6DCB0BD63}.Release|Any CPU.Build.0 = Release|Any CPU
		{024BF6AE-3A53-4ADB-95EE-87BA45A92AE3}.Debug|Any CPU.ActiveCfg = Debug|Any CPU
		{024BF6AE-3A53-4ADB-95EE-87BA45A92AE3}.Debug|Any CPU.Build.0 = Debug|Any CPU
		{024BF6AE-3A53-4ADB-95EE-87BA45A92AE3}.Release|Any CPU.ActiveCfg = Release|Any CPU
		{024BF6AE-3A53-4ADB-95EE-87BA45A92AE3}.Release|Any CPU.Build.0 = Release|Any CPU
		{D82D8A18-6386-49C8-A43E-412AF399B23B}.Debug|Any CPU.ActiveCfg = Debug|Any CPU
		{D82D8A18-6386-49C8-A43E-412AF399B23B}.Debug|Any CPU.Build.0 = Debug|Any CPU
		{D82D8A18-6386-49C8-A43E-412AF399B23B}.Release|Any CPU.ActiveCfg = Release|Any CPU
		{D82D8A18-6386-49C8-A43E-412AF399B23B}.Release|Any CPU.Build.0 = Release|Any CPU
		{83B71022-5D12-43AD-9E9A-05956A30BC86}.Debug|Any CPU.ActiveCfg = Debug|Any CPU
		{83B71022-5D12-43AD-9E9A-05956A30BC86}.Debug|Any CPU.Build.0 = Debug|Any CPU
		{83B71022-5D12-43AD-9E9A-05956A30BC86}.Release|Any CPU.ActiveCfg = Release|Any CPU
		{83B71022-5D12-43AD-9E9A-05956A30BC86}.Release|Any CPU.Build.0 = Release|Any CPU
		{424CF939-096C-4EF1-8A19-379C27304DB0}.Debug|Any CPU.ActiveCfg = Debug|Any CPU
		{424CF939-096C-4EF1-8A19-379C27304DB0}.Debug|Any CPU.Build.0 = Debug|Any CPU
		{424CF939-096C-4EF1-8A19-379C27304DB0}.Release|Any CPU.ActiveCfg = Release|Any CPU
		{424CF939-096C-4EF1-8A19-379C27304DB0}.Release|Any CPU.Build.0 = Release|Any CPU
		{157ED2E5-F163-447D-A214-F5A05FF5C2D9}.Debug|Any CPU.ActiveCfg = Debug|Any CPU
		{157ED2E5-F163-447D-A214-F5A05FF5C2D9}.Debug|Any CPU.Build.0 = Debug|Any CPU
		{157ED2E5-F163-447D-A214-F5A05FF5C2D9}.Release|Any CPU.ActiveCfg = Release|Any CPU
		{157ED2E5-F163-447D-A214-F5A05FF5C2D9}.Release|Any CPU.Build.0 = Release|Any CPU
		{AF85659A-4670-407D-97AA-DCDFC3CC4E4B}.Debug|Any CPU.ActiveCfg = Debug|Any CPU
		{AF85659A-4670-407D-97AA-DCDFC3CC4E4B}.Debug|Any CPU.Build.0 = Debug|Any CPU
		{AF85659A-4670-407D-97AA-DCDFC3CC4E4B}.Release|Any CPU.ActiveCfg = Release|Any CPU
		{AF85659A-4670-407D-97AA-DCDFC3CC4E4B}.Release|Any CPU.Build.0 = Release|Any CPU
		{643D8C40-C98A-43B7-9C7E-B4114DC942D3}.Debug|Any CPU.ActiveCfg = Debug|Any CPU
		{643D8C40-C98A-43B7-9C7E-B4114DC942D3}.Debug|Any CPU.Build.0 = Debug|Any CPU
		{643D8C40-C98A-43B7-9C7E-B4114DC942D3}.Release|Any CPU.ActiveCfg = Release|Any CPU
		{643D8C40-C98A-43B7-9C7E-B4114DC942D3}.Release|Any CPU.Build.0 = Release|Any CPU
		{12E282B3-5C99-4DC6-B6EB-8C9F3A07A1CC}.Debug|Any CPU.ActiveCfg = Debug|Any CPU
		{12E282B3-5C99-4DC6-B6EB-8C9F3A07A1CC}.Debug|Any CPU.Build.0 = Debug|Any CPU
		{12E282B3-5C99-4DC6-B6EB-8C9F3A07A1CC}.Release|Any CPU.ActiveCfg = Release|Any CPU
		{12E282B3-5C99-4DC6-B6EB-8C9F3A07A1CC}.Release|Any CPU.Build.0 = Release|Any CPU
		{33DB0CB7-9E0C-41C1-AB89-6077FA321D51}.Debug|Any CPU.ActiveCfg = Debug|Any CPU
		{33DB0CB7-9E0C-41C1-AB89-6077FA321D51}.Debug|Any CPU.Build.0 = Debug|Any CPU
		{33DB0CB7-9E0C-41C1-AB89-6077FA321D51}.Release|Any CPU.ActiveCfg = Release|Any CPU
		{33DB0CB7-9E0C-41C1-AB89-6077FA321D51}.Release|Any CPU.Build.0 = Release|Any CPU
		{0A7AD35B-672B-4AC9-A682-C4BF1AB66B21}.Debug|Any CPU.ActiveCfg = Debug|Any CPU
		{0A7AD35B-672B-4AC9-A682-C4BF1AB66B21}.Debug|Any CPU.Build.0 = Debug|Any CPU
		{0A7AD35B-672B-4AC9-A682-C4BF1AB66B21}.Release|Any CPU.ActiveCfg = Release|Any CPU
		{0A7AD35B-672B-4AC9-A682-C4BF1AB66B21}.Release|Any CPU.Build.0 = Release|Any CPU
		{0C1008D9-0F0D-4417-8FE6-81328E7A9CF1}.Debug|Any CPU.ActiveCfg = Debug|Any CPU
		{0C1008D9-0F0D-4417-8FE6-81328E7A9CF1}.Debug|Any CPU.Build.0 = Debug|Any CPU
		{0C1008D9-0F0D-4417-8FE6-81328E7A9CF1}.Release|Any CPU.ActiveCfg = Release|Any CPU
		{0C1008D9-0F0D-4417-8FE6-81328E7A9CF1}.Release|Any CPU.Build.0 = Release|Any CPU
		{B3BD7A20-2B82-4076-8A49-01E81D20517A}.Debug|Any CPU.ActiveCfg = Debug|Any CPU
		{B3BD7A20-2B82-4076-8A49-01E81D20517A}.Debug|Any CPU.Build.0 = Debug|Any CPU
		{B3BD7A20-2B82-4076-8A49-01E81D20517A}.Release|Any CPU.ActiveCfg = Release|Any CPU
		{B3BD7A20-2B82-4076-8A49-01E81D20517A}.Release|Any CPU.Build.0 = Release|Any CPU
		{F2DD6B96-52A5-4E2F-870C-547057E7FB70}.Debug|Any CPU.ActiveCfg = Debug|Any CPU
		{F2DD6B96-52A5-4E2F-870C-547057E7FB70}.Debug|Any CPU.Build.0 = Debug|Any CPU
		{F2DD6B96-52A5-4E2F-870C-547057E7FB70}.Release|Any CPU.ActiveCfg = Release|Any CPU
		{F2DD6B96-52A5-4E2F-870C-547057E7FB70}.Release|Any CPU.Build.0 = Release|Any CPU
		{E9EDEAE8-8657-46B4-AE14-69F502E26BD1}.Debug|Any CPU.ActiveCfg = Debug|Any CPU
		{E9EDEAE8-8657-46B4-AE14-69F502E26BD1}.Debug|Any CPU.Build.0 = Debug|Any CPU
		{E9EDEAE8-8657-46B4-AE14-69F502E26BD1}.Release|Any CPU.ActiveCfg = Release|Any CPU
		{E9EDEAE8-8657-46B4-AE14-69F502E26BD1}.Release|Any CPU.Build.0 = Release|Any CPU
		{36776123-F207-446B-BDAF-59AF1D7DF97A}.Debug|Any CPU.ActiveCfg = Debug|Any CPU
		{36776123-F207-446B-BDAF-59AF1D7DF97A}.Debug|Any CPU.Build.0 = Debug|Any CPU
		{36776123-F207-446B-BDAF-59AF1D7DF97A}.Release|Any CPU.ActiveCfg = Release|Any CPU
		{36776123-F207-446B-BDAF-59AF1D7DF97A}.Release|Any CPU.Build.0 = Release|Any CPU
		{B723EAA8-3EC4-46ED-BA17-F520E7729EA2}.Debug|Any CPU.ActiveCfg = Debug|Any CPU
		{B723EAA8-3EC4-46ED-BA17-F520E7729EA2}.Debug|Any CPU.Build.0 = Debug|Any CPU
		{B723EAA8-3EC4-46ED-BA17-F520E7729EA2}.Release|Any CPU.ActiveCfg = Release|Any CPU
		{B723EAA8-3EC4-46ED-BA17-F520E7729EA2}.Release|Any CPU.Build.0 = Release|Any CPU
	EndGlobalSection
	GlobalSection(SolutionProperties) = preSolution
		HideSolutionNode = FALSE
	EndGlobalSection
	GlobalSection(ExtensibilityGlobals) = postSolution
		SolutionGuid = {5ED4E5E9-E829-4295-A91F-564144039DAC}
	EndGlobalSection
EndGlobal
